{
  "name": "chatapp",
  "version": "1.0.0",
  "lockfileVersion": 3,
  "requires": true,
  "packages": {
    "": {
      "name": "chatapp",
      "version": "1.0.0",
      "license": "ISC",
      "dependencies": {
        "@aws-sdk/s3-request-presigner": "^3.731.1"
      }
    },
    "node_modules/@aws-sdk/core": {
      "version": "3.731.0",
      "resolved": "https://registry.npmjs.org/@aws-sdk/core/-/core-3.731.0.tgz",
      "integrity": "sha512-ithBN1VWASkvAIlozJmenqDvNnFddr/SZXAs58+jCnBHgy3tXLHABZGVNCjetZkHRqNdXEO1kirnoxaFeXMeDA==",
      "license": "Apache-2.0",
      "dependencies": {
        "@aws-sdk/types": "3.731.0",
        "@smithy/core": "^3.0.0",
        "@smithy/node-config-provider": "^4.0.0",
        "@smithy/property-provider": "^4.0.0",
        "@smithy/protocol-http": "^5.0.0",
        "@smithy/signature-v4": "^5.0.0",
        "@smithy/smithy-client": "^4.0.0",
        "@smithy/types": "^4.0.0",
        "@smithy/util-middleware": "^4.0.0",
        "fast-xml-parser": "4.4.1",
        "tslib": "^2.6.2"
      },
      "engines": {
        "node": ">=18.0.0"
      }
    },
    "node_modules/@aws-sdk/middleware-sdk-s3": {
      "version": "3.731.0",
      "resolved": "https://registry.npmjs.org/@aws-sdk/middleware-sdk-s3/-/middleware-sdk-s3-3.731.0.tgz",
      "integrity": "sha512-J9aKyQaVoec5eWTSDfO4h2sKHNP0wTzN15LFcHnkD+e/d0rdmOi7BTkkbJrIaynma9WShIasmrtM3HNi9GiiTA==",
      "license": "Apache-2.0",
      "dependencies": {
        "@aws-sdk/core": "3.731.0",
        "@aws-sdk/types": "3.731.0",
        "@aws-sdk/util-arn-parser": "3.723.0",
        "@smithy/core": "^3.0.0",
        "@smithy/node-config-provider": "^4.0.0",
        "@smithy/protocol-http": "^5.0.0",
        "@smithy/signature-v4": "^5.0.0",
        "@smithy/smithy-client": "^4.0.0",
        "@smithy/types": "^4.0.0",
        "@smithy/util-config-provider": "^4.0.0",
        "@smithy/util-middleware": "^4.0.0",
        "@smithy/util-stream": "^4.0.0",
        "@smithy/util-utf8": "^4.0.0",
        "tslib": "^2.6.2"
      },
      "engines": {
        "node": ">=18.0.0"
      }
    },
    "node_modules/@aws-sdk/s3-request-presigner": {
      "version": "3.731.1",
      "resolved": "https://registry.npmjs.org/@aws-sdk/s3-request-presigner/-/s3-request-presigner-3.731.1.tgz",
      "integrity": "sha512-GdG0pXkcTgBpenouB834FoCHyLaivV2rGQn7OEQBiT8SBaTxSackZ6tGlJQAlzZQkiQfE/NePUJU7DczJZZvrg==",
      "license": "Apache-2.0",
      "dependencies": {
        "@aws-sdk/signature-v4-multi-region": "3.731.0",
        "@aws-sdk/types": "3.731.0",
        "@aws-sdk/util-format-url": "3.731.0",
        "@smithy/middleware-endpoint": "^4.0.0",
        "@smithy/protocol-http": "^5.0.0",
        "@smithy/smithy-client": "^4.0.0",
        "@smithy/types": "^4.0.0",
        "tslib": "^2.6.2"
      },
      "engines": {
        "node": ">=18.0.0"
      }
    },
    "node_modules/@aws-sdk/signature-v4-multi-region": {
      "version": "3.731.0",
      "resolved": "https://registry.npmjs.org/@aws-sdk/signature-v4-multi-region/-/signature-v4-multi-region-3.731.0.tgz",
      "integrity": "sha512-1r/b4Os15dR+BCVRRLVQJMF7Krq6xX6IKHxN43kuvODYWz8Nv3XDlaSpeRpAzyJuzW/fTp4JgE+z0+gmJfdEeA==",
      "license": "Apache-2.0",
      "dependencies": {
        "@aws-sdk/middleware-sdk-s3": "3.731.0",
        "@aws-sdk/types": "3.731.0",
        "@smithy/protocol-http": "^5.0.0",
        "@smithy/signature-v4": "^5.0.0",
        "@smithy/types": "^4.0.0",
        "tslib": "^2.6.2"
      },
      "engines": {
        "node": ">=18.0.0"
      }
    },
    "node_modules/@aws-sdk/types": {
      "version": "3.731.0",
      "resolved": "https://registry.npmjs.org/@aws-sdk/types/-/types-3.731.0.tgz",
      "integrity": "sha512-NrdkJg6oOUbXR2r9WvHP408CLyvST8cJfp1/jP9pemtjvjPoh6NukbCtiSFdOOb1eryP02CnqQWItfJC1p2Y/Q==",
      "license": "Apache-2.0",
      "dependencies": {
        "@smithy/types": "^4.0.0",
        "tslib": "^2.6.2"
      },
      "engines": {
        "node": ">=18.0.0"
      }
    },
    "node_modules/@aws-sdk/util-arn-parser": {
      "version": "3.723.0",
      "resolved": "https://registry.npmjs.org/@aws-sdk/util-arn-parser/-/util-arn-parser-3.723.0.tgz",
      "integrity": "sha512-ZhEfvUwNliOQROcAk34WJWVYTlTa4694kSVhDSjW6lE1bMataPnIN8A0ycukEzBXmd8ZSoBcQLn6lKGl7XIJ5w==",
      "license": "Apache-2.0",
      "dependencies": {
        "tslib": "^2.6.2"
      },
      "engines": {
        "node": ">=18.0.0"
      }
    },
    "node_modules/@aws-sdk/util-format-url": {
      "version": "3.731.0",
      "resolved": "https://registry.npmjs.org/@aws-sdk/util-format-url/-/util-format-url-3.731.0.tgz",
      "integrity": "sha512-wZHObjnYmiz8wFlUQ4/5dHsT7k0at+GvZM02LgvshcRJLnFjYdrzjelMKuNynd/NNK3gLgTsFTGuIgPpz9r4rA==",
      "license": "Apache-2.0",
      "dependencies": {
        "@aws-sdk/types": "3.731.0",
        "@smithy/querystring-builder": "^4.0.0",
        "@smithy/types": "^4.0.0",
        "tslib": "^2.6.2"
      },
      "engines": {
        "node": ">=18.0.0"
      }
    },
    "node_modules/@smithy/abort-controller": {
      "version": "4.0.1",
      "resolved": "https://registry.npmjs.org/@smithy/abort-controller/-/abort-controller-4.0.1.tgz",
      "integrity": "sha512-fiUIYgIgRjMWznk6iLJz35K2YxSLHzLBA/RC6lBrKfQ8fHbPfvk7Pk9UvpKoHgJjI18MnbPuEju53zcVy6KF1g==",
      "license": "Apache-2.0",
      "dependencies": {
        "@smithy/types": "^4.1.0",
        "tslib": "^2.6.2"
      },
      "engines": {
        "node": ">=18.0.0"
      }
    },
    "node_modules/@smithy/core": {
      "version": "3.1.1",
      "resolved": "https://registry.npmjs.org/@smithy/core/-/core-3.1.1.tgz",
      "integrity": "sha512-hhUZlBWYuh9t6ycAcN90XOyG76C1AzwxZZgaCVPMYpWqqk9uMFo7HGG5Zu2cEhCJn7DdOi5krBmlibWWWPgdsw==",
      "license": "Apache-2.0",
      "dependencies": {
        "@smithy/middleware-serde": "^4.0.1",
        "@smithy/protocol-http": "^5.0.1",
        "@smithy/types": "^4.1.0",
        "@smithy/util-body-length-browser": "^4.0.0",
        "@smithy/util-middleware": "^4.0.1",
        "@smithy/util-stream": "^4.0.2",
        "@smithy/util-utf8": "^4.0.0",
        "tslib": "^2.6.2"
      },
      "engines": {
        "node": ">=18.0.0"
      }
    },
    "node_modules/@smithy/fetch-http-handler": {
      "version": "5.0.1",
      "resolved": "https://registry.npmjs.org/@smithy/fetch-http-handler/-/fetch-http-handler-5.0.1.tgz",
      "integrity": "sha512-3aS+fP28urrMW2KTjb6z9iFow6jO8n3MFfineGbndvzGZit3taZhKWtTorf+Gp5RpFDDafeHlhfsGlDCXvUnJA==",
      "license": "Apache-2.0",
      "dependencies": {
        "@smithy/protocol-http": "^5.0.1",
        "@smithy/querystring-builder": "^4.0.1",
        "@smithy/types": "^4.1.0",
        "@smithy/util-base64": "^4.0.0",
        "tslib": "^2.6.2"
      },
      "engines": {
        "node": ">=18.0.0"
      }
    },
    "node_modules/@smithy/is-array-buffer": {
      "version": "4.0.0",
      "resolved": "https://registry.npmjs.org/@smithy/is-array-buffer/-/is-array-buffer-4.0.0.tgz",
      "integrity": "sha512-saYhF8ZZNoJDTvJBEWgeBccCg+yvp1CX+ed12yORU3NilJScfc6gfch2oVb4QgxZrGUx3/ZJlb+c/dJbyupxlw==",
      "license": "Apache-2.0",
      "dependencies": {
        "tslib": "^2.6.2"
      },
      "engines": {
        "node": ">=18.0.0"
      }
    },
    "node_modules/@smithy/middleware-endpoint": {
      "version": "4.0.2",
      "resolved": "https://registry.npmjs.org/@smithy/middleware-endpoint/-/middleware-endpoint-4.0.2.tgz",
      "integrity": "sha512-Z9m67CXizGpj8CF/AW/7uHqYNh1VXXOn9Ap54fenWsCa0HnT4cJuE61zqG3cBkTZJDCy0wHJphilI41co/PE5g==",
      "license": "Apache-2.0",
      "dependencies": {
        "@smithy/core": "^3.1.1",
        "@smithy/middleware-serde": "^4.0.1",
        "@smithy/node-config-provider": "^4.0.1",
        "@smithy/shared-ini-file-loader": "^4.0.1",
        "@smithy/types": "^4.1.0",
        "@smithy/url-parser": "^4.0.1",
        "@smithy/util-middleware": "^4.0.1",
        "tslib": "^2.6.2"
      },
      "engines": {
        "node": ">=18.0.0"
      }
    },
    "node_modules/@smithy/middleware-serde": {
      "version": "4.0.1",
      "resolved": "https://registry.npmjs.org/@smithy/middleware-serde/-/middleware-serde-4.0.1.tgz",
      "integrity": "sha512-Fh0E2SOF+S+P1+CsgKyiBInAt3o2b6Qk7YOp2W0Qx2XnfTdfMuSDKUEcnrtpxCzgKJnqXeLUZYqtThaP0VGqtA==",
      "license": "Apache-2.0",
      "dependencies": {
        "@smithy/types": "^4.1.0",
        "tslib": "^2.6.2"
      },
      "engines": {
        "node": ">=18.0.0"
      }
    },
    "node_modules/@smithy/middleware-stack": {
      "version": "4.0.1",
      "resolved": "https://registry.npmjs.org/@smithy/middleware-stack/-/middleware-stack-4.0.1.tgz",
      "integrity": "sha512-dHwDmrtR/ln8UTHpaIavRSzeIk5+YZTBtLnKwDW3G2t6nAupCiQUvNzNoHBpik63fwUaJPtlnMzXbQrNFWssIA==",
      "license": "Apache-2.0",
      "dependencies": {
        "@smithy/types": "^4.1.0",
        "tslib": "^2.6.2"
      },
      "engines": {
        "node": ">=18.0.0"
      }
    },
    "node_modules/@smithy/node-config-provider": {
      "version": "4.0.1",
      "resolved": "https://registry.npmjs.org/@smithy/node-config-provider/-/node-config-provider-4.0.1.tgz",
      "integrity": "sha512-8mRTjvCtVET8+rxvmzRNRR0hH2JjV0DFOmwXPrISmTIJEfnCBugpYYGAsCj8t41qd+RB5gbheSQ/6aKZCQvFLQ==",
      "license": "Apache-2.0",
      "dependencies": {
        "@smithy/property-provider": "^4.0.1",
        "@smithy/shared-ini-file-loader": "^4.0.1",
        "@smithy/types": "^4.1.0",
        "tslib": "^2.6.2"
      },
      "engines": {
        "node": ">=18.0.0"
      }
    },
    "node_modules/@smithy/node-http-handler": {
      "version": "4.0.2",
      "resolved": "https://registry.npmjs.org/@smithy/node-http-handler/-/node-http-handler-4.0.2.tgz",
      "integrity": "sha512-X66H9aah9hisLLSnGuzRYba6vckuFtGE+a5DcHLliI/YlqKrGoxhisD5XbX44KyoeRzoNlGr94eTsMVHFAzPOw==",
      "license": "Apache-2.0",
      "dependencies": {
        "@smithy/abort-controller": "^4.0.1",
        "@smithy/protocol-http": "^5.0.1",
        "@smithy/querystring-builder": "^4.0.1",
        "@smithy/types": "^4.1.0",
        "tslib": "^2.6.2"
      },
      "engines": {
        "node": ">=18.0.0"
      }
    },
    "node_modules/@smithy/property-provider": {
      "version": "4.0.1",
      "resolved": "https://registry.npmjs.org/@smithy/property-provider/-/property-provider-4.0.1.tgz",
      "integrity": "sha512-o+VRiwC2cgmk/WFV0jaETGOtX16VNPp2bSQEzu0whbReqE1BMqsP2ami2Vi3cbGVdKu1kq9gQkDAGKbt0WOHAQ==",
      "license": "Apache-2.0",
      "dependencies": {
        "@smithy/types": "^4.1.0",
        "tslib": "^2.6.2"
      },
      "engines": {
        "node": ">=18.0.0"
      }
    },
    "node_modules/@smithy/protocol-http": {
      "version": "5.0.1",
      "resolved": "https://registry.npmjs.org/@smithy/protocol-http/-/protocol-http-5.0.1.tgz",
      "integrity": "sha512-TE4cpj49jJNB/oHyh/cRVEgNZaoPaxd4vteJNB0yGidOCVR0jCw/hjPVsT8Q8FRmj8Bd3bFZt8Dh7xGCT+xMBQ==",
      "license": "Apache-2.0",
      "dependencies": {
        "@smithy/types": "^4.1.0",
        "tslib": "^2.6.2"
      },
      "engines": {
        "node": ">=18.0.0"
      }
    },
    "node_modules/@smithy/querystring-builder": {
      "version": "4.0.1",
      "resolved": "https://registry.npmjs.org/@smithy/querystring-builder/-/querystring-builder-4.0.1.tgz",
      "integrity": "sha512-wU87iWZoCbcqrwszsOewEIuq+SU2mSoBE2CcsLwE0I19m0B2gOJr1MVjxWcDQYOzHbR1xCk7AcOBbGFUYOKvdg==",
      "license": "Apache-2.0",
      "dependencies": {
        "@smithy/types": "^4.1.0",
        "@smithy/util-uri-escape": "^4.0.0",
        "tslib": "^2.6.2"
      },
      "engines": {
        "node": ">=18.0.0"
      }
    },
    "node_modules/@smithy/querystring-parser": {
      "version": "4.0.1",
      "resolved": "https://registry.npmjs.org/@smithy/querystring-parser/-/querystring-parser-4.0.1.tgz",
      "integrity": "sha512-Ma2XC7VS9aV77+clSFylVUnPZRindhB7BbmYiNOdr+CHt/kZNJoPP0cd3QxCnCFyPXC4eybmyE98phEHkqZ5Jw==",
      "license": "Apache-2.0",
      "dependencies": {
        "@smithy/types": "^4.1.0",
        "tslib": "^2.6.2"
      },
      "engines": {
        "node": ">=18.0.0"
      }
    },
    "node_modules/@smithy/shared-ini-file-loader": {
      "version": "4.0.1",
      "resolved": "https://registry.npmjs.org/@smithy/shared-ini-file-loader/-/shared-ini-file-loader-4.0.1.tgz",
      "integrity": "sha512-hC8F6qTBbuHRI/uqDgqqi6J0R4GtEZcgrZPhFQnMhfJs3MnUTGSnR1NSJCJs5VWlMydu0kJz15M640fJlRsIOw==",
      "license": "Apache-2.0",
      "dependencies": {
        "@smithy/types": "^4.1.0",
        "tslib": "^2.6.2"
      },
      "engines": {
        "node": ">=18.0.0"
      }
    },
    "node_modules/@smithy/signature-v4": {
      "version": "5.0.1",
      "resolved": "https://registry.npmjs.org/@smithy/signature-v4/-/signature-v4-5.0.1.tgz",
      "integrity": "sha512-nCe6fQ+ppm1bQuw5iKoeJ0MJfz2os7Ic3GBjOkLOPtavbD1ONoyE3ygjBfz2ythFWm4YnRm6OxW+8p/m9uCoIA==",
      "license": "Apache-2.0",
      "dependencies": {
        "@smithy/is-array-buffer": "^4.0.0",
        "@smithy/protocol-http": "^5.0.1",
        "@smithy/types": "^4.1.0",
        "@smithy/util-hex-encoding": "^4.0.0",
        "@smithy/util-middleware": "^4.0.1",
        "@smithy/util-uri-escape": "^4.0.0",
        "@smithy/util-utf8": "^4.0.0",
        "tslib": "^2.6.2"
      },
      "engines": {
        "node": ">=18.0.0"
      }
    },
    "node_modules/@smithy/smithy-client": {
      "version": "4.1.2",
      "resolved": "https://registry.npmjs.org/@smithy/smithy-client/-/smithy-client-4.1.2.tgz",
      "integrity": "sha512-0yApeHWBqocelHGK22UivZyShNxFbDNrgREBllGh5Ws0D0rg/yId/CJfeoKKpjbfY2ju8j6WgDUGZHYQmINZ5w==",
      "license": "Apache-2.0",
      "dependencies": {
        "@smithy/core": "^3.1.1",
        "@smithy/middleware-endpoint": "^4.0.2",
        "@smithy/middleware-stack": "^4.0.1",
        "@smithy/protocol-http": "^5.0.1",
        "@smithy/types": "^4.1.0",
        "@smithy/util-stream": "^4.0.2",
        "tslib": "^2.6.2"
      },
      "engines": {
        "node": ">=18.0.0"
      }
    },
    "node_modules/@smithy/types": {
      "version": "4.1.0",
      "resolved": "https://registry.npmjs.org/@smithy/types/-/types-4.1.0.tgz",
      "integrity": "sha512-enhjdwp4D7CXmwLtD6zbcDMbo6/T6WtuuKCY49Xxc6OMOmUWlBEBDREsxxgV2LIdeQPW756+f97GzcgAwp3iLw==",
      "license": "Apache-2.0",
      "dependencies": {
        "tslib": "^2.6.2"
      },
      "engines": {
        "node": ">=18.0.0"
      }
    },
    "node_modules/@smithy/url-parser": {
      "version": "4.0.1",
      "resolved": "https://registry.npmjs.org/@smithy/url-parser/-/url-parser-4.0.1.tgz",
      "integrity": "sha512-gPXcIEUtw7VlK8f/QcruNXm7q+T5hhvGu9tl63LsJPZ27exB6dtNwvh2HIi0v7JcXJ5emBxB+CJxwaLEdJfA+g==",
      "license": "Apache-2.0",
      "dependencies": {
        "@smithy/querystring-parser": "^4.0.1",
        "@smithy/types": "^4.1.0",
        "tslib": "^2.6.2"
      },
      "engines": {
        "node": ">=18.0.0"
      }
    },
    "node_modules/@smithy/util-base64": {
      "version": "4.0.0",
      "resolved": "https://registry.npmjs.org/@smithy/util-base64/-/util-base64-4.0.0.tgz",
      "integrity": "sha512-CvHfCmO2mchox9kjrtzoHkWHxjHZzaFojLc8quxXY7WAAMAg43nuxwv95tATVgQFNDwd4M9S1qFzj40Ul41Kmg==",
      "license": "Apache-2.0",
      "dependencies": {
        "@smithy/util-buffer-from": "^4.0.0",
        "@smithy/util-utf8": "^4.0.0",
        "tslib": "^2.6.2"
      },
      "engines": {
        "node": ">=18.0.0"
      }
    },
    "node_modules/@smithy/util-body-length-browser": {
      "version": "4.0.0",
      "resolved": "https://registry.npmjs.org/@smithy/util-body-length-browser/-/util-body-length-browser-4.0.0.tgz",
      "integrity": "sha512-sNi3DL0/k64/LO3A256M+m3CDdG6V7WKWHdAiBBMUN8S3hK3aMPhwnPik2A/a2ONN+9doY9UxaLfgqsIRg69QA==",
      "license": "Apache-2.0",
      "dependencies": {
        "tslib": "^2.6.2"
      },
      "engines": {
        "node": ">=18.0.0"
      }
    },
    "node_modules/@smithy/util-buffer-from": {
      "version": "4.0.0",
      "resolved": "https://registry.npmjs.org/@smithy/util-buffer-from/-/util-buffer-from-4.0.0.tgz",
      "integrity": "sha512-9TOQ7781sZvddgO8nxueKi3+yGvkY35kotA0Y6BWRajAv8jjmigQ1sBwz0UX47pQMYXJPahSKEKYFgt+rXdcug==",
      "license": "Apache-2.0",
      "dependencies": {
        "@smithy/is-array-buffer": "^4.0.0",
        "tslib": "^2.6.2"
      },
      "engines": {
        "node": ">=18.0.0"
      }
    },
    "node_modules/@smithy/util-config-provider": {
      "version": "4.0.0",
      "resolved": "https://registry.npmjs.org/@smithy/util-config-provider/-/util-config-provider-4.0.0.tgz",
      "integrity": "sha512-L1RBVzLyfE8OXH+1hsJ8p+acNUSirQnWQ6/EgpchV88G6zGBTDPdXiiExei6Z1wR2RxYvxY/XLw6AMNCCt8H3w==",
      "license": "Apache-2.0",
      "dependencies": {
        "tslib": "^2.6.2"
      },
      "engines": {
        "node": ">=18.0.0"
      }
    },
    "node_modules/@smithy/util-hex-encoding": {
      "version": "4.0.0",
      "resolved": "https://registry.npmjs.org/@smithy/util-hex-encoding/-/util-hex-encoding-4.0.0.tgz",
      "integrity": "sha512-Yk5mLhHtfIgW2W2WQZWSg5kuMZCVbvhFmC7rV4IO2QqnZdbEFPmQnCcGMAX2z/8Qj3B9hYYNjZOhWym+RwhePw==",
      "license": "Apache-2.0",
      "dependencies": {
        "tslib": "^2.6.2"
      },
      "engines": {
        "node": ">=18.0.0"
      }
    },
    "node_modules/@smithy/util-middleware": {
      "version": "4.0.1",
      "resolved": "https://registry.npmjs.org/@smithy/util-middleware/-/util-middleware-4.0.1.tgz",
      "integrity": "sha512-HiLAvlcqhbzhuiOa0Lyct5IIlyIz0PQO5dnMlmQ/ubYM46dPInB+3yQGkfxsk6Q24Y0n3/JmcA1v5iEhmOF5mA==",
      "license": "Apache-2.0",
      "dependencies": {
        "@smithy/types": "^4.1.0",
        "tslib": "^2.6.2"
      },
      "engines": {
        "node": ">=18.0.0"
      }
    },
    "node_modules/@smithy/util-stream": {
      "version": "4.0.2",
      "resolved": "https://registry.npmjs.org/@smithy/util-stream/-/util-stream-4.0.2.tgz",
      "integrity": "sha512-0eZ4G5fRzIoewtHtwaYyl8g2C+osYOT4KClXgfdNEDAgkbe2TYPqcnw4GAWabqkZCax2ihRGPe9LZnsPdIUIHA==",
      "license": "Apache-2.0",
      "dependencies": {
        "@smithy/fetch-http-handler": "^5.0.1",
        "@smithy/node-http-handler": "^4.0.2",
        "@smithy/types": "^4.1.0",
        "@smithy/util-base64": "^4.0.0",
        "@smithy/util-buffer-from": "^4.0.0",
        "@smithy/util-hex-encoding": "^4.0.0",
        "@smithy/util-utf8": "^4.0.0",
        "tslib": "^2.6.2"
      },
      "engines": {
        "node": ">=18.0.0"
      }
    },
    "node_modules/@smithy/util-uri-escape": {
      "version": "4.0.0",
      "resolved": "https://registry.npmjs.org/@smithy/util-uri-escape/-/util-uri-escape-4.0.0.tgz",
      "integrity": "sha512-77yfbCbQMtgtTylO9itEAdpPXSog3ZxMe09AEhm0dU0NLTalV70ghDZFR+Nfi1C60jnJoh/Re4090/DuZh2Omg==",
      "license": "Apache-2.0",
      "dependencies": {
        "tslib": "^2.6.2"
      },
      "engines": {
        "node": ">=18.0.0"
      }
    },
    "node_modules/@smithy/util-utf8": {
      "version": "4.0.0",
      "resolved": "https://registry.npmjs.org/@smithy/util-utf8/-/util-utf8-4.0.0.tgz",
      "integrity": "sha512-b+zebfKCfRdgNJDknHCob3O7FpeYQN6ZG6YLExMcasDHsCXlsXCEuiPZeLnJLpwa5dvPetGlnGCiMHuLwGvFow==",
      "license": "Apache-2.0",
      "dependencies": {
        "@smithy/util-buffer-from": "^4.0.0",
        "tslib": "^2.6.2"
      },
      "engines": {
        "node": ">=18.0.0"
      }
    },
    "node_modules/fast-xml-parser": {
      "version": "4.4.1",
      "resolved": "https://registry.npmjs.org/fast-xml-parser/-/fast-xml-parser-4.4.1.tgz",
      "integrity": "sha512-xkjOecfnKGkSsOwtZ5Pz7Us/T6mrbPQrq0nh+aCO5V9nk5NLWmasAHumTKjiPJPWANe+kAZ84Jc8ooJkzZ88Sw==",
      "funding": [
        {
          "type": "github",
          "url": "https://github.com/sponsors/NaturalIntelligence"
        },
        {
          "type": "paypal",
          "url": "https://paypal.me/naturalintelligence"
        }
      ],
      "license": "MIT",
      "dependencies": {
        "strnum": "^1.0.5"
      },
      "bin": {
        "fxparser": "src/cli/cli.js"
      }
    },
    "node_modules/strnum": {
      "version": "1.0.5",
      "resolved": "https://registry.npmjs.org/strnum/-/strnum-1.0.5.tgz",
      "integrity": "sha512-J8bbNyKKXl5qYcR36TIO8W3mVGVHrmmxsd5PAItGkmyzwJvybiw2IVq5nqd0i4LSNSkB/sx9VHllbfFdr9k1JA==",
      "license": "MIT"
    },
    "node_modules/tslib": {
      "version": "2.8.1",
      "resolved": "https://registry.npmjs.org/tslib/-/tslib-2.8.1.tgz",
      "integrity": "sha512-oJFu94HQb+KVduSUQL7wnpmqnfmLsOA/nAh6b6EH0wCEoK0/mPeXU6c3wKDV83MkOuHPRHtSXKKU99IBazS/2w==",
      "license": "0BSD"
    }
  }
}
